
Microsoft Visual Studio Solution File, Format Version 12.00
# Visual Studio Version 16
VisualStudioVersion = 16.0.31702.278
MinimumVisualStudioVersion = 10.0.40219.1
Project("{FAE04EC0-301F-11D3-BF4B-00C04F79EFBC}") = "Youtube downloader", "Youtube downloader\Youtube downloader.csproj", "{EDFEBBAF-82E1-4934-B95E-7FC7BB754799}"
EndProject
Global
	GlobalSection(SolutionConfigurationPlatforms) = preSolution
		Debug|Any CPU = Debug|Any CPU
		Release|Any CPU = Release|Any CPU
	EndGlobalSection
	GlobalSection(ProjectConfigurationPlatforms) = postSolution
		{EDFEBBAF-82E1-4934-B95E-7FC7BB754799}.Debug|Any CPU.ActiveCfg = Debug|Any CPU
		{EDFEBBAF-82E1-4934-B95E-7FC7BB754799}.Debug|Any CPU.Build.0 = Debug|Any CPU
		{EDFEBBAF-82E1-4934-B95E-7FC7BB754799}.Release|Any CPU.ActiveCfg = Release|Any CPU
		{EDFEBBAF-82E1-4934-B95E-7FC7BB754799}.Release|Any CPU.Build.0 = Release|Any CPU
	EndGlobalSection
	GlobalSection(SolutionProperties) = preSolution
		HideSolutionNode = FALSE
	EndGlobalSection
	GlobalSection(ExtensibilityGlobals) = postSolution
		SolutionGuid = {CBED77D0-2DCB-47B7-89C6-AB2DE7CBEB5A}
	EndGlobalSection
EndGlobal
